<Solution>
  <Configurations>
    <Platform Name="Any CPU" />
    <Platform Name="x64" />
    <Platform Name="x86" />
  </Configurations>
  <Folder Name="/src/" />
  <Folder Name="/src/Api/">
    <Project Path="src/Api/Axon.Api.csproj" />
  </Folder>
  <Folder Name="/src/BuildingBlocks/">
    <Project Path="src/BuildingBlocks/BuildingBlocks.csproj" />
  </Folder>
  <Folder Name="/src/Modules/" />
  <Folder Name="/src/Modules/Chat/" />
  <Folder Name="/src/Modules/Chat/Application/">
    <Project Path="src/Modules/Chat/Application/Axon.Modules.Chat.Application.csproj" />
  </Folder>
  <Folder Name="/src/Modules/Chat/Domain/">
    <Project Path="src/Modules/Chat/Domain/Axon.Modules.Chat.Domain.csproj" />
  </Folder>
  <Folder Name="/src/Modules/Chat/Infrastructure/">
    <Project Path="src/Modules/Chat/Infrastructure/Axon.Modules.Chat.Infrastructure.csproj" />
  </Folder>
  <Folder Name="/src/Modules/Chat/Primitives/">
    <Project Path="src/Modules/Chat/Primitives/Axon.Modules.Chat.Primitives.csproj" />
  </Folder>
  <Folder Name="/src/Modules/Chat/ReadModels/">
    <Project Path="src/Modules/Chat/ReadModels/Axon.Modules.Chat.ReadModels.csproj" />
  </Folder>

  <Folder Name="/tests/" />
  <Folder Name="/tests/Api.Tests/">
    <Project Path="tests/Api.Tests/Axon.Api.Tests.csproj" />
  </Folder>
  <Folder Name="/tests/Axon.ArchitectureTests.Core/">
    <Project Path="tests/Axon.ArchitectureTests.Core/Axon.ArchitectureTests.Core.csproj" />
  </Folder>
  <Folder Name="/tests/Axon.ArchitectureTests.Framework/">
    <Project Path="tests/Axon.ArchitectureTests.Framework/Axon.ArchitectureTests.Framework.csproj" />
  </Folder>
  <Folder Name="/tests/Modules.Chat.Application.Tests/">
    <Project Path="tests/Modules.Chat.Application.Tests/Axon.Modules.Chat.Application.Tests.csproj" />
  </Folder>
  <Folder Name="/tests/Modules.Chat.Domain.Tests/">
    <Project Path="src/Modules/Chat/Domain.Tests/Axon.Modules.Chat.Domain.Tests.csproj" />
  </Folder>

</Solution>